// !$*UTF8*$!
{
	archiveVersion = 1;
	classes = {
	};
	objectVersion = 56;
	objects = {

/* Begin PBXBuildFile section */
		084D7C3529A931A80094CACF /* WebBrowserManager.swift in Sources */ = {isa = PBXBuildFile; fileRef = 084D7C3429A931A80094CACF /* WebBrowserManager.swift */; };
		084D7C4229A94F4A0094CACF /* URLTextField.swift in Sources */ = {isa = PBXBuildFile; fileRef = 084D7C4129A94F4A0094CACF /* URLTextField.swift */; };
		084D7C7229AA35050094CACF /* FiltersViewController.swift in Sources */ = {isa = PBXBuildFile; fileRef = 084D7C7129AA35050094CACF /* FiltersViewController.swift */; };
		084D7C7429AA68B20094CACF /* UIColor+Default.swift in Sources */ = {isa = PBXBuildFile; fileRef = 084D7C7329AA68B20094CACF /* UIColor+Default.swift */; };
		084D7C7629AAB7880094CACF /* UIView+BorderRadius.swift in Sources */ = {isa = PBXBuildFile; fileRef = 084D7C7529AAB7880094CACF /* UIView+BorderRadius.swift */; };
		08881C2029A78F5C002EA782 /* AppDelegate.swift in Sources */ = {isa = PBXBuildFile; fileRef = 08881C1F29A78F5C002EA782 /* AppDelegate.swift */; };
		08881C2429A78F5C002EA782 /* WebPageViewController.swift in Sources */ = {isa = PBXBuildFile; fileRef = 08881C2329A78F5C002EA782 /* WebPageViewController.swift */; };
		08881C2929A78F5F002EA782 /* Assets.xcassets in Resources */ = {isa = PBXBuildFile; fileRef = 08881C2829A78F5F002EA782 /* Assets.xcassets */; };
		08881C2C29A78F5F002EA782 /* LaunchScreen.storyboard in Resources */ = {isa = PBXBuildFile; fileRef = 08881C2A29A78F5F002EA782 /* LaunchScreen.storyboard */; };
		088BFD3B29AE66450035940D /* OnboardingLabel.swift in Sources */ = {isa = PBXBuildFile; fileRef = 088BFD3A29AE66450035940D /* OnboardingLabel.swift */; };
/* End PBXBuildFile section */

/* Begin PBXFileReference section */
		084D7C3429A931A80094CACF /* WebBrowserManager.swift */ = {isa = PBXFileReference; lastKnownFileType = sourcecode.swift; path = WebBrowserManager.swift; sourceTree = "<group>"; };
		084D7C4129A94F4A0094CACF /* URLTextField.swift */ = {isa = PBXFileReference; lastKnownFileType = sourcecode.swift; path = URLTextField.swift; sourceTree = "<group>"; };
		084D7C7129AA35050094CACF /* FiltersViewController.swift */ = {isa = PBXFileReference; lastKnownFileType = sourcecode.swift; path = FiltersViewController.swift; sourceTree = "<group>"; };
		084D7C7329AA68B20094CACF /* UIColor+Default.swift */ = {isa = PBXFileReference; lastKnownFileType = sourcecode.swift; path = "UIColor+Default.swift"; sourceTree = "<group>"; };
		084D7C7529AAB7880094CACF /* UIView+BorderRadius.swift */ = {isa = PBXFileReference; fileEncoding = 4; lastKnownFileType = sourcecode.swift; name = "UIView+BorderRadius.swift"; path = "WebsiteFilter/UIView+BorderRadius.swift"; sourceTree = SOURCE_ROOT; };
		08881C1C29A78F5C002EA782 /* WebsiteFilter.app */ = {isa = PBXFileReference; explicitFileType = wrapper.application; includeInIndex = 0; path = WebsiteFilter.app; sourceTree = BUILT_PRODUCTS_DIR; };
		08881C1F29A78F5C002EA782 /* AppDelegate.swift */ = {isa = PBXFileReference; lastKnownFileType = sourcecode.swift; path = AppDelegate.swift; sourceTree = "<group>"; };
		08881C2329A78F5C002EA782 /* WebPageViewController.swift */ = {isa = PBXFileReference; lastKnownFileType = sourcecode.swift; path = WebPageViewController.swift; sourceTree = "<group>"; };
		08881C2829A78F5F002EA782 /* Assets.xcassets */ = {isa = PBXFileReference; lastKnownFileType = folder.assetcatalog; path = Assets.xcassets; sourceTree = "<group>"; };
		08881C2B29A78F5F002EA782 /* Base */ = {isa = PBXFileReference; lastKnownFileType = file.storyboard; name = Base; path = Base.lproj/LaunchScreen.storyboard; sourceTree = "<group>"; };
		08881C2D29A78F5F002EA782 /* Info.plist */ = {isa = PBXFileReference; lastKnownFileType = text.plist.xml; path = Info.plist; sourceTree = "<group>"; };
		088BFD3A29AE66450035940D /* OnboardingLabel.swift */ = {isa = PBXFileReference; lastKnownFileType = sourcecode.swift; path = OnboardingLabel.swift; sourceTree = "<group>"; };
/* End PBXFileReference section */

/* Begin PBXFrameworksBuildPhase section */
		08881C1929A78F5C002EA782 /* Frameworks */ = {
			isa = PBXFrameworksBuildPhase;
			buildActionMask = 2147483647;
			files = (
			);
			runOnlyForDeploymentPostprocessing = 0;
		};
/* End PBXFrameworksBuildPhase section */

/* Begin PBXGroup section */
		084D7C3A29A94E8D0094CACF /* Models */ = {
			isa = PBXGroup;
			children = (
				084D7C3429A931A80094CACF /* WebBrowserManager.swift */,
			);
			path = Models;
			sourceTree = "<group>";
		};
		084D7C3B29A94E9B0094CACF /* Controllers */ = {
			isa = PBXGroup;
			children = (
				08881C2329A78F5C002EA782 /* WebPageViewController.swift */,
				084D7C7129AA35050094CACF /* FiltersViewController.swift */,
			);
			path = Controllers;
			sourceTree = "<group>";
		};
		084D7C3F29A94EBD0094CACF /* Views */ = {
			isa = PBXGroup;
			children = (
				084D7C4129A94F4A0094CACF /* URLTextField.swift */,
				088BFD3A29AE66450035940D /* OnboardingLabel.swift */,
			);
			path = Views;
			sourceTree = "<group>";
		};
		084D7C4029A94EE90094CACF /* Extensions */ = {
			isa = PBXGroup;
			children = (
				084D7C7529AAB7880094CACF /* UIView+BorderRadius.swift */,
				084D7C7329AA68B20094CACF /* UIColor+Default.swift */,
			);
			path = Extensions;
			sourceTree = "<group>";
		};
		08881C1329A78F5C002EA782 = {
			isa = PBXGroup;
			children = (
				08881C1E29A78F5C002EA782 /* WebsiteFilter */,
				08881C1D29A78F5C002EA782 /* Products */,
			);
			sourceTree = "<group>";
		};
		08881C1D29A78F5C002EA782 /* Products */ = {
			isa = PBXGroup;
			children = (
				08881C1C29A78F5C002EA782 /* WebsiteFilter.app */,
			);
			name = Products;
			sourceTree = "<group>";
		};
		08881C1E29A78F5C002EA782 /* WebsiteFilter */ = {
			isa = PBXGroup;
			children = (
				08881C1F29A78F5C002EA782 /* AppDelegate.swift */,
				084D7C3A29A94E8D0094CACF /* Models */,
				084D7C3F29A94EBD0094CACF /* Views */,
				084D7C3B29A94E9B0094CACF /* Controllers */,
				084D7C4029A94EE90094CACF /* Extensions */,
				08F5A6FC29A7915300E6C3B4 /* Files */,
			);
			path = WebsiteFilter;
			sourceTree = "<group>";
		};
		08F5A6FC29A7915300E6C3B4 /* Files */ = {
			isa = PBXGroup;
			children = (
				08881C2829A78F5F002EA782 /* Assets.xcassets */,
				08881C2A29A78F5F002EA782 /* LaunchScreen.storyboard */,
				08881C2D29A78F5F002EA782 /* Info.plist */,
			);
			name = Files;
			sourceTree = "<group>";
		};
/* End PBXGroup section */

/* Begin PBXNativeTarget section */
		08881C1B29A78F5C002EA782 /* WebsiteFilter */ = {
			isa = PBXNativeTarget;
			buildConfigurationList = 08881C3029A78F5F002EA782 /* Build configuration list for PBXNativeTarget "WebsiteFilter" */;
			buildPhases = (
				08F5A6FD29A7921A00E6C3B4 /* SwiftLint */,
				08881C1829A78F5C002EA782 /* Sources */,
				08881C1929A78F5C002EA782 /* Frameworks */,
				08881C1A29A78F5C002EA782 /* Resources */,
			);
			buildRules = (
			);
			dependencies = (
			);
			name = WebsiteFilter;
			productName = WebsiteFilter;
			productReference = 08881C1C29A78F5C002EA782 /* WebsiteFilter.app */;
			productType = "com.apple.product-type.application";
		};
/* End PBXNativeTarget section */

/* Begin PBXProject section */
		08881C1429A78F5C002EA782 /* Project object */ = {
			isa = PBXProject;
			attributes = {
				BuildIndependentTargetsInParallel = 1;
				LastSwiftUpdateCheck = 1420;
				LastUpgradeCheck = 1420;
				TargetAttributes = {
					08881C1B29A78F5C002EA782 = {
						CreatedOnToolsVersion = 14.2;
					};
				};
			};
			buildConfigurationList = 08881C1729A78F5C002EA782 /* Build configuration list for PBXProject "WebsiteFilter" */;
			compatibilityVersion = "Xcode 14.0";
			developmentRegion = en;
			hasScannedForEncodings = 0;
			knownRegions = (
				en,
				Base,
			);
			mainGroup = 08881C1329A78F5C002EA782;
			productRefGroup = 08881C1D29A78F5C002EA782 /* Products */;
			projectDirPath = "";
			projectRoot = "";
			targets = (
				08881C1B29A78F5C002EA782 /* WebsiteFilter */,
			);
		};
/* End PBXProject section */

/* Begin PBXResourcesBuildPhase section */
		08881C1A29A78F5C002EA782 /* Resources */ = {
			isa = PBXResourcesBuildPhase;
			buildActionMask = 2147483647;
			files = (
				08881C2C29A78F5F002EA782 /* LaunchScreen.storyboard in Resources */,
				08881C2929A78F5F002EA782 /* Assets.xcassets in Resources */,
			);
			runOnlyForDeploymentPostprocessing = 0;
		};
/* End PBXResourcesBuildPhase section */

/* Begin PBXShellScriptBuildPhase section */
		08F5A6FD29A7921A00E6C3B4 /* SwiftLint */ = {
			isa = PBXShellScriptBuildPhase;
			alwaysOutOfDate = 1;
			buildActionMask = 2147483647;
			files = (
			);
			inputFileListPaths = (
			);
			inputPaths = (
			);
			name = SwiftLint;
			outputFileListPaths = (
			);
			outputPaths = (
			);
			runOnlyForDeploymentPostprocessing = 0;
			shellPath = /bin/sh;
			shellScript = "export PATH=\"$PATH:/opt/homebrew/bin\"\n\nif which swiftlint >/dev/null; then\n  swiftlint\nelse\n  echo \"warning: SwiftLint not installed, download from https://github.com/realm/SwiftLint\"\nfi\n";
		};
/* End PBXShellScriptBuildPhase section */

/* Begin PBXSourcesBuildPhase section */
		08881C1829A78F5C002EA782 /* Sources */ = {
			isa = PBXSourcesBuildPhase;
			buildActionMask = 2147483647;
			files = (
				084D7C7629AAB7880094CACF /* UIView+BorderRadius.swift in Sources */,
				088BFD3B29AE66450035940D /* OnboardingLabel.swift in Sources */,
				08881C2429A78F5C002EA782 /* WebPageViewController.swift in Sources */,
				084D7C7229AA35050094CACF /* FiltersViewController.swift in Sources */,
				084D7C4229A94F4A0094CACF /* URLTextField.swift in Sources */,
				08881C2029A78F5C002EA782 /* AppDelegate.swift in Sources */,
				084D7C7429AA68B20094CACF /* UIColor+Default.swift in Sources */,
				084D7C3529A931A80094CACF /* WebBrowserManager.swift in Sources */,
			);
			runOnlyForDeploymentPostprocessing = 0;
		};
/* End PBXSourcesBuildPhase section */

/* Begin PBXVariantGroup section */
		08881C2A29A78F5F002EA782 /* LaunchScreen.storyboard */ = {
			isa = PBXVariantGroup;
			children = (
				08881C2B29A78F5F002EA782 /* Base */,
			);
			name = LaunchScreen.storyboard;
			sourceTree = "<group>";
		};
/* End PBXVariantGroup section */

/* Begin XCBuildConfiguration section */
		08881C2E29A78F5F002EA782 /* Debug */ = {
			isa = XCBuildConfiguration;
			buildSettings = {
				ALWAYS_SEARCH_USER_PATHS = NO;
				CLANG_ANALYZER_NONNULL = YES;
				CLANG_ANALYZER_NUMBER_OBJECT_CONVERSION = YES_AGGRESSIVE;
				CLANG_CXX_LANGUAGE_STANDARD = "gnu++20";
				CLANG_ENABLE_MODULES = YES;
				CLANG_ENABLE_OBJC_ARC = YES;
				CLANG_ENABLE_OBJC_WEAK = YES;
				CLANG_WARN_BLOCK_CAPTURE_AUTORELEASING = YES;
				CLANG_WARN_BOOL_CONVERSION = YES;
				CLANG_WARN_COMMA = YES;
				CLANG_WARN_CONSTANT_CONVERSION = YES;
				CLANG_WARN_DEPRECATED_OBJC_IMPLEMENTATIONS = YES;
				CLANG_WARN_DIRECT_OBJC_ISA_USAGE = YES_ERROR;
				CLANG_WARN_DOCUMENTATION_COMMENTS = YES;
				CLANG_WARN_EMPTY_BODY = YES;
				CLANG_WARN_ENUM_CONVERSION = YES;
				CLANG_WARN_INFINITE_RECURSION = YES;
				CLANG_WARN_INT_CONVERSION = YES;
				CLANG_WARN_NON_LITERAL_NULL_CONVERSION = YES;
				CLANG_WARN_OBJC_IMPLICIT_RETAIN_SELF = YES;
				CLANG_WARN_OBJC_LITERAL_CONVERSION = YES;
				CLANG_WARN_OBJC_ROOT_CLASS = YES_ERROR;
				CLANG_WARN_QUOTED_INCLUDE_IN_FRAMEWORK_HEADER = YES;
				CLANG_WARN_RANGE_LOOP_ANALYSIS = YES;
				CLANG_WARN_STRICT_PROTOTYPES = YES;
				CLANG_WARN_SUSPICIOUS_MOVE = YES;
				CLANG_WARN_UNGUARDED_AVAILABILITY = YES_AGGRESSIVE;
				CLANG_WARN_UNREACHABLE_CODE = YES;
				CLANG_WARN__DUPLICATE_METHOD_MATCH = YES;
				COPY_PHASE_STRIP = NO;
				DEBUG_INFORMATION_FORMAT = dwarf;
				ENABLE_STRICT_OBJC_MSGSEND = YES;
				ENABLE_TESTABILITY = YES;
				GCC_C_LANGUAGE_STANDARD = gnu11;
				GCC_DYNAMIC_NO_PIC = NO;
				GCC_NO_COMMON_BLOCKS = YES;
				GCC_OPTIMIZATION_LEVEL = 0;
				GCC_PREPROCESSOR_DEFINITIONS = (
					"DEBUG=1",
					"$(inherited)",
				);
				GCC_WARN_64_TO_32_BIT_CONVERSION = YES;
				GCC_WARN_ABOUT_RETURN_TYPE = YES_ERROR;
				GCC_WARN_UNDECLARED_SELECTOR = YES;
				GCC_WARN_UNINITIALIZED_AUTOS = YES_AGGRESSIVE;
				GCC_WARN_UNUSED_FUNCTION = YES;
				GCC_WARN_UNUSED_VARIABLE = YES;
				IPHONEOS_DEPLOYMENT_TARGET = 16.2;
				MTL_ENABLE_DEBUG_INFO = INCLUDE_SOURCE;
				MTL_FAST_MATH = YES;
				ONLY_ACTIVE_ARCH = YES;
				SDKROOT = iphoneos;
				SWIFT_ACTIVE_COMPILATION_CONDITIONS = DEBUG;
				SWIFT_OPTIMIZATION_LEVEL = "-Onone";
			};
			name = Debug;
		};
		08881C2F29A78F5F002EA782 /* Release */ = {
			isa = XCBuildConfiguration;
			buildSettings = {
				ALWAYS_SEARCH_USER_PATHS = NO;
				CLANG_ANALYZER_NONNULL = YES;
				CLANG_ANALYZER_NUMBER_OBJECT_CONVERSION = YES_AGGRESSIVE;
				CLANG_CXX_LANGUAGE_STANDARD = "gnu++20";
				CLANG_ENABLE_MODULES = YES;
				CLANG_ENABLE_OBJC_ARC = YES;
				CLANG_ENABLE_OBJC_WEAK = YES;
				CLANG_WARN_BLOCK_CAPTURE_AUTORELEASING = YES;
				CLANG_WARN_BOOL_CONVERSION = YES;
				CLANG_WARN_COMMA = YES;
				CLANG_WARN_CONSTANT_CONVERSION = YES;
				CLANG_WARN_DEPRECATED_OBJC_IMPLEMENTATIONS = YES;
				CLANG_WARN_DIRECT_OBJC_ISA_USAGE = YES_ERROR;
				CLANG_WARN_DOCUMENTATION_COMMENTS = YES;
				CLANG_WARN_EMPTY_BODY = YES;
				CLANG_WARN_ENUM_CONVERSION = YES;
				CLANG_WARN_INFINITE_RECURSION = YES;
				CLANG_WARN_INT_CONVERSION = YES;
				CLANG_WARN_NON_LITERAL_NULL_CONVERSION = YES;
				CLANG_WARN_OBJC_IMPLICIT_RETAIN_SELF = YES;
				CLANG_WARN_OBJC_LITERAL_CONVERSION = YES;
				CLANG_WARN_OBJC_ROOT_CLASS = YES_ERROR;
				CLANG_WARN_QUOTED_INCLUDE_IN_FRAMEWORK_HEADER = YES;
				CLANG_WARN_RANGE_LOOP_ANALYSIS = YES;
				CLANG_WARN_STRICT_PROTOTYPES = YES;
				CLANG_WARN_SUSPICIOUS_MOVE = YES;
				CLANG_WARN_UNGUARDED_AVAILABILITY = YES_AGGRESSIVE;
				CLANG_WARN_UNREACHABLE_CODE = YES;
				CLANG_WARN__DUPLICATE_METHOD_MATCH = YES;
				COPY_PHASE_STRIP = NO;
				DEBUG_INFORMATION_FORMAT = "dwarf-with-dsym";
				ENABLE_NS_ASSERTIONS = NO;
				ENABLE_STRICT_OBJC_MSGSEND = YES;
				GCC_C_LANGUAGE_STANDARD = gnu11;
				GCC_NO_COMMON_BLOCKS = YES;
				GCC_WARN_64_TO_32_BIT_CONVERSION = YES;
				GCC_WARN_ABOUT_RETURN_TYPE = YES_ERROR;
				GCC_WARN_UNDECLARED_SELECTOR = YES;
				GCC_WARN_UNINITIALIZED_AUTOS = YES_AGGRESSIVE;
				GCC_WARN_UNUSED_FUNCTION = YES;
				GCC_WARN_UNUSED_VARIABLE = YES;
				IPHONEOS_DEPLOYMENT_TARGET = 16.2;
				MTL_ENABLE_DEBUG_INFO = NO;
				MTL_FAST_MATH = YES;
				SDKROOT = iphoneos;
				SWIFT_COMPILATION_MODE = wholemodule;
				SWIFT_OPTIMIZATION_LEVEL = "-O";
				VALIDATE_PRODUCT = YES;
			};
			name = Release;
		};
		08881C3129A78F5F002EA782 /* Debug */ = {
			isa = XCBuildConfiguration;
			buildSettings = {
				ASSETCATALOG_COMPILER_APPICON_NAME = AppIcon;
				ASSETCATALOG_COMPILER_GLOBAL_ACCENT_COLOR_NAME = AccentColor;
				CODE_SIGN_STYLE = Automatic;
				CURRENT_PROJECT_VERSION = 1;
				DEVELOPMENT_TEAM = 9PF2GLF6PD;
				GENERATE_INFOPLIST_FILE = YES;
				INFOPLIST_FILE = WebsiteFilter/Info.plist;
				INFOPLIST_KEY_UIApplicationSupportsIndirectInputEvents = YES;
				INFOPLIST_KEY_UILaunchStoryboardName = LaunchScreen;
				INFOPLIST_KEY_UISupportedInterfaceOrientations = "UIInterfaceOrientationLandscapeLeft UIInterfaceOrientationLandscapeRight UIInterfaceOrientationPortrait";
				INFOPLIST_KEY_UISupportedInterfaceOrientations_iPad = "UIInterfaceOrientationLandscapeLeft UIInterfaceOrientationLandscapeRight UIInterfaceOrientationPortrait UIInterfaceOrientationPortraitUpsideDown";
				IPHONEOS_DEPLOYMENT_TARGET = 12.0;
				LD_RUNPATH_SEARCH_PATHS = (
					"$(inherited)",
					"@executable_path/Frameworks",
				);
				MARKETING_VERSION = 1.0;
				PRODUCT_BUNDLE_IDENTIFIER = com.Beavean.Anthony.WebsiteFilter;
				PRODUCT_NAME = "$(TARGET_NAME)";
				SWIFT_EMIT_LOC_STRINGS = YES;
				SWIFT_VERSION = 5.0;
				TARGETED_DEVICE_FAMILY = "1,2";
			};
			name = Debug;
		};
		08881C3229A78F5F002EA782 /* Release */ = {
			isa = XCBuildConfiguration;
			buildSettings = {
				ASSETCATALOG_COMPILER_APPICON_NAME = AppIcon;
				ASSETCATALOG_COMPILER_GLOBAL_ACCENT_COLOR_NAME = AccentColor;
				CODE_SIGN_STYLE = Automatic;
				CURRENT_PROJECT_VERSION = 1;
				DEVELOPMENT_TEAM = 9PF2GLF6PD;
				GENERATE_INFOPLIST_FILE = YES;
				INFOPLIST_FILE = WebsiteFilter/Info.plist;
				INFOPLIST_KEY_UIApplicationSupportsIndirectInputEvents = YES;
				INFOPLIST_KEY_UILaunchStoryboardName = LaunchScreen;
				INFOPLIST_KEY_UISupportedInterfaceOrientations = "UIInterfaceOrientationLandscapeLeft UIInterfaceOrientationLandscapeRight UIInterfaceOrientationPortrait";
				INFOPLIST_KEY_UISupportedInterfaceOrientations_iPad = "UIInterfaceOrientationLandscapeLeft UIInterfaceOrientationLandscapeRight UIInterfaceOrientationPortrait UIInterfaceOrientationPortraitUpsideDown";
				IPHONEOS_DEPLOYMENT_TARGET = 12.0;
				LD_RUNPATH_SEARCH_PATHS = (
					"$(inherited)",
					"@executable_path/Frameworks",
				);
				MARKETING_VERSION = 1.0;
				PRODUCT_BUNDLE_IDENTIFIER = com.Beavean.Anthony.WebsiteFilter;
				PRODUCT_NAME = "$(TARGET_NAME)";
				SWIFT_EMIT_LOC_STRINGS = YES;
				SWIFT_VERSION = 5.0;
				TARGETED_DEVICE_FAMILY = "1,2";
			};
			name = Release;
		};
/* End XCBuildConfiguration section */

/* Begin XCConfigurationList section */
		08881C1729A78F5C002EA782 /* Build configuration list for PBXProject "WebsiteFilter" */ = {
			isa = XCConfigurationList;
			buildConfigurations = (
				08881C2E29A78F5F002EA782 /* Debug */,
				08881C2F29A78F5F002EA782 /* Release */,
			);
			defaultConfigurationIsVisible = 0;
			defaultConfigurationName = Release;
		};
		08881C3029A78F5F002EA782 /* Build configuration list for PBXNativeTarget "WebsiteFilter" */ = {
			isa = XCConfigurationList;
			buildConfigurations = (
				08881C3129A78F5F002EA782 /* Debug */,
				08881C3229A78F5F002EA782 /* Release */,
			);
			defaultConfigurationIsVisible = 0;
			defaultConfigurationName = Release;
		};
/* End XCConfigurationList section */
	};
	rootObject = 08881C1429A78F5C002EA782 /* Project object */;
}
